// !$*UTF8*$!
{
	archiveVersion = 1;
	classes = {
	};
	objectVersion = 50;
	objects = {

/* Begin PBXBuildFile section */
		462C0F49221CFBA20054C3C2 /* MovieDetailsViewController.swift in Sources */ = {isa = PBXBuildFile; fileRef = 462C0F48221CFBA20054C3C2 /* MovieDetailsViewController.swift */; };
		46754FBC2218C79000CD1258 /* AppDelegate.swift in Sources */ = {isa = PBXBuildFile; fileRef = 46754FBB2218C79000CD1258 /* AppDelegate.swift */; };
		46754FC12218C79000CD1258 /* Main.storyboard in Resources */ = {isa = PBXBuildFile; fileRef = 46754FBF2218C79000CD1258 /* Main.storyboard */; };
		46754FC32218C79100CD1258 /* Assets.xcassets in Resources */ = {isa = PBXBuildFile; fileRef = 46754FC22218C79100CD1258 /* Assets.xcassets */; };
		46754FC62218C79100CD1258 /* LaunchScreen.storyboard in Resources */ = {isa = PBXBuildFile; fileRef = 46754FC42218C79100CD1258 /* LaunchScreen.storyboard */; };
		46754FD12218C79100CD1258 /* flixterTests.swift in Sources */ = {isa = PBXBuildFile; fileRef = 46754FD02218C79100CD1258 /* flixterTests.swift */; };
		46754FDC2218C79100CD1258 /* flixterUITests.swift in Sources */ = {isa = PBXBuildFile; fileRef = 46754FDB2218C79100CD1258 /* flixterUITests.swift */; };
		46754FEA2218C7C500CD1258 /* MoviesViewController.swift in Sources */ = {isa = PBXBuildFile; fileRef = 46754FE92218C7C500CD1258 /* MoviesViewController.swift */; };
		46754FEC2218D2CD00CD1258 /* MovieCell.swift in Sources */ = {isa = PBXBuildFile; fileRef = 46754FEB2218D2CD00CD1258 /* MovieCell.swift */; };
/* End PBXBuildFile section */

/* Begin PBXContainerItemProxy section */
		46754FCD2218C79100CD1258 /* PBXContainerItemProxy */ = {
			isa = PBXContainerItemProxy;
			containerPortal = 46754FB02218C79000CD1258 /* Project object */;
			proxyType = 1;
			remoteGlobalIDString = 46754FB72218C79000CD1258;
			remoteInfo = flixter;
		};
		46754FD82218C79100CD1258 /* PBXContainerItemProxy */ = {
			isa = PBXContainerItemProxy;
			containerPortal = 46754FB02218C79000CD1258 /* Project object */;
			proxyType = 1;
			remoteGlobalIDString = 46754FB72218C79000CD1258;
			remoteInfo = flixter;
		};
/* End PBXContainerItemProxy section */

/* Begin PBXFileReference section */
		462C0F48221CFBA20054C3C2 /* MovieDetailsViewController.swift */ = {isa = PBXFileReference; lastKnownFileType = sourcecode.swift; path = MovieDetailsViewController.swift; sourceTree = "<group>"; };
		46754FB82218C79000CD1258 /* flixter.app */ = {isa = PBXFileReference; explicitFileType = wrapper.application; includeInIndex = 0; path = flixter.app; sourceTree = BUILT_PRODUCTS_DIR; };
		46754FBB2218C79000CD1258 /* AppDelegate.swift */ = {isa = PBXFileReference; lastKnownFileType = sourcecode.swift; path = AppDelegate.swift; sourceTree = "<group>"; };
		46754FC02218C79000CD1258 /* Base */ = {isa = PBXFileReference; lastKnownFileType = file.storyboard; name = Base; path = Base.lproj/Main.storyboard; sourceTree = "<group>"; };
		46754FC22218C79100CD1258 /* Assets.xcassets */ = {isa = PBXFileReference; lastKnownFileType = folder.assetcatalog; path = Assets.xcassets; sourceTree = "<group>"; };
		46754FC52218C79100CD1258 /* Base */ = {isa = PBXFileReference; lastKnownFileType = file.storyboard; name = Base; path = Base.lproj/LaunchScreen.storyboard; sourceTree = "<group>"; };
		46754FC72218C79100CD1258 /* Info.plist */ = {isa = PBXFileReference; lastKnownFileType = text.plist.xml; path = Info.plist; sourceTree = "<group>"; };
		46754FCC2218C79100CD1258 /* flixterTests.xctest */ = {isa = PBXFileReference; explicitFileType = wrapper.cfbundle; includeInIndex = 0; path = flixterTests.xctest; sourceTree = BUILT_PRODUCTS_DIR; };
		46754FD02218C79100CD1258 /* flixterTests.swift */ = {isa = PBXFileReference; lastKnownFileType = sourcecode.swift; path = flixterTests.swift; sourceTree = "<group>"; };
		46754FD22218C79100CD1258 /* Info.plist */ = {isa = PBXFileReference; lastKnownFileType = text.plist.xml; path = Info.plist; sourceTree = "<group>"; };
		46754FD72218C79100CD1258 /* flixterUITests.xctest */ = {isa = PBXFileReference; explicitFileType = wrapper.cfbundle; includeInIndex = 0; path = flixterUITests.xctest; sourceTree = BUILT_PRODUCTS_DIR; };
		46754FDB2218C79100CD1258 /* flixterUITests.swift */ = {isa = PBXFileReference; lastKnownFileType = sourcecode.swift; path = flixterUITests.swift; sourceTree = "<group>"; };
		46754FDD2218C79100CD1258 /* Info.plist */ = {isa = PBXFileReference; lastKnownFileType = text.plist.xml; path = Info.plist; sourceTree = "<group>"; };
		46754FE92218C7C500CD1258 /* MoviesViewController.swift */ = {isa = PBXFileReference; lastKnownFileType = sourcecode.swift; path = MoviesViewController.swift; sourceTree = "<group>"; };
		46754FEB2218D2CD00CD1258 /* MovieCell.swift */ = {isa = PBXFileReference; lastKnownFileType = sourcecode.swift; name = MovieCell.swift; path = Assets.xcassets/MovieCell.swift; sourceTree = "<group>"; };
/* End PBXFileReference section */

/* Begin PBXFrameworksBuildPhase section */
		46754FB52218C79000CD1258 /* Frameworks */ = {
			isa = PBXFrameworksBuildPhase;
			buildActionMask = 2147483647;
			files = (
			);
			runOnlyForDeploymentPostprocessing = 0;
		};
		46754FC92218C79100CD1258 /* Frameworks */ = {
			isa = PBXFrameworksBuildPhase;
			buildActionMask = 2147483647;
			files = (
			);
			runOnlyForDeploymentPostprocessing = 0;
		};
		46754FD42218C79100CD1258 /* Frameworks */ = {
			isa = PBXFrameworksBuildPhase;
			buildActionMask = 2147483647;
			files = (
			);
			runOnlyForDeploymentPostprocessing = 0;
		};
/* End PBXFrameworksBuildPhase section */

/* Begin PBXGroup section */
		46754FAF2218C79000CD1258 = {
			isa = PBXGroup;
			children = (
				46754FBA2218C79000CD1258 /* flixter */,
				46754FCF2218C79100CD1258 /* flixterTests */,
				46754FDA2218C79100CD1258 /* flixterUITests */,
				46754FB92218C79000CD1258 /* Products */,
			);
			sourceTree = "<group>";
		};
		46754FB92218C79000CD1258 /* Products */ = {
			isa = PBXGroup;
			children = (
				46754FB82218C79000CD1258 /* flixter.app */,
				46754FCC2218C79100CD1258 /* flixterTests.xctest */,
				46754FD72218C79100CD1258 /* flixterUITests.xctest */,
			);
			name = Products;
			sourceTree = "<group>";
		};
		46754FBA2218C79000CD1258 /* flixter */ = {
			isa = PBXGroup;
			children = (
				46754FBB2218C79000CD1258 /* AppDelegate.swift */,
				462C0F48221CFBA20054C3C2 /* MovieDetailsViewController.swift */,
				46754FE92218C7C500CD1258 /* MoviesViewController.swift */,
				46754FBF2218C79000CD1258 /* Main.storyboard */,
				46754FEB2218D2CD00CD1258 /* MovieCell.swift */,
				46754FC22218C79100CD1258 /* Assets.xcassets */,
				46754FC42218C79100CD1258 /* LaunchScreen.storyboard */,
				46754FC72218C79100CD1258 /* Info.plist */,
			);
			path = flixter;
			sourceTree = "<group>";
		};
		46754FCF2218C79100CD1258 /* flixterTests */ = {
			isa = PBXGroup;
			children = (
				46754FD02218C79100CD1258 /* flixterTests.swift */,
				46754FD22218C79100CD1258 /* Info.plist */,
			);
			path = flixterTests;
			sourceTree = "<group>";
		};
		46754FDA2218C79100CD1258 /* flixterUITests */ = {
			isa = PBXGroup;
			children = (
				46754FDB2218C79100CD1258 /* flixterUITests.swift */,
				46754FDD2218C79100CD1258 /* Info.plist */,
			);
			path = flixterUITests;
			sourceTree = "<group>";
		};
/* End PBXGroup section */

/* Begin PBXNativeTarget section */
		46754FB72218C79000CD1258 /* flixter */ = {
			isa = PBXNativeTarget;
			buildConfigurationList = 46754FE02218C79100CD1258 /* Build configuration list for PBXNativeTarget "flixter" */;
			buildPhases = (
				46754FB42218C79000CD1258 /* Sources */,
				46754FB52218C79000CD1258 /* Frameworks */,
				46754FB62218C79000CD1258 /* Resources */,
			);
			buildRules = (
			);
			dependencies = (
			);
			name = flixter;
			productName = flixter;
			productReference = 46754FB82218C79000CD1258 /* flixter.app */;
			productType = "com.apple.product-type.application";
		};
		46754FCB2218C79100CD1258 /* flixterTests */ = {
			isa = PBXNativeTarget;
			buildConfigurationList = 46754FE32218C79100CD1258 /* Build configuration list for PBXNativeTarget "flixterTests" */;
			buildPhases = (
				46754FC82218C79100CD1258 /* Sources */,
				46754FC92218C79100CD1258 /* Frameworks */,
				46754FCA2218C79100CD1258 /* Resources */,
			);
			buildRules = (
			);
			dependencies = (
				46754FCE2218C79100CD1258 /* PBXTargetDependency */,
			);
			name = flixterTests;
			productName = flixterTests;
			productReference = 46754FCC2218C79100CD1258 /* flixterTests.xctest */;
			productType = "com.apple.product-type.bundle.unit-test";
		};
		46754FD62218C79100CD1258 /* flixterUITests */ = {
			isa = PBXNativeTarget;
			buildConfigurationList = 46754FE62218C79100CD1258 /* Build configuration list for PBXNativeTarget "flixterUITests" */;
			buildPhases = (
				46754FD32218C79100CD1258 /* Sources */,
				46754FD42218C79100CD1258 /* Frameworks */,
				46754FD52218C79100CD1258 /* Resources */,
			);
			buildRules = (
			);
			dependencies = (
				46754FD92218C79100CD1258 /* PBXTargetDependency */,
			);
			name = flixterUITests;
			productName = flixterUITests;
			productReference = 46754FD72218C79100CD1258 /* flixterUITests.xctest */;
			productType = "com.apple.product-type.bundle.ui-testing";
		};
/* End PBXNativeTarget section */

/* Begin PBXProject section */
		46754FB02218C79000CD1258 /* Project object */ = {
			isa = PBXProject;
			attributes = {
				LastSwiftUpdateCheck = 0940;
				LastUpgradeCheck = 0940;
				ORGANIZATIONNAME = "Minjing Shi";
				TargetAttributes = {
					46754FB72218C79000CD1258 = {
						CreatedOnToolsVersion = 9.4.1;
						LastSwiftMigration = 0940;
					};
					46754FCB2218C79100CD1258 = {
						CreatedOnToolsVersion = 9.4.1;
						TestTargetID = 46754FB72218C79000CD1258;
					};
					46754FD62218C79100CD1258 = {
						CreatedOnToolsVersion = 9.4.1;
						TestTargetID = 46754FB72218C79000CD1258;
					};
				};
			};
			buildConfigurationList = 46754FB32218C79000CD1258 /* Build configuration list for PBXProject "flixter" */;
			compatibilityVersion = "Xcode 9.3";
			developmentRegion = en;
			hasScannedForEncodings = 0;
			knownRegions = (
				en,
				Base,
			);
			mainGroup = 46754FAF2218C79000CD1258;
			productRefGroup = 46754FB92218C79000CD1258 /* Products */;
			projectDirPath = "";
			projectRoot = "";
			targets = (
				46754FB72218C79000CD1258 /* flixter */,
				46754FCB2218C79100CD1258 /* flixterTests */,
				46754FD62218C79100CD1258 /* flixterUITests */,
			);
		};
/* End PBXProject section */

/* Begin PBXResourcesBuildPhase section */
		46754FB62218C79000CD1258 /* Resources */ = {
			isa = PBXResourcesBuildPhase;
			buildActionMask = 2147483647;
			files = (
				46754FC62218C79100CD1258 /* LaunchScreen.storyboard in Resources */,
				46754FC32218C79100CD1258 /* Assets.xcassets in Resources */,
				46754FC12218C79000CD1258 /* Main.storyboard in Resources */,
			);
			runOnlyForDeploymentPostprocessing = 0;
		};
		46754FCA2218C79100CD1258 /* Resources */ = {
			isa = PBXResourcesBuildPhase;
			buildActionMask = 2147483647;
			files = (
			);
			runOnlyForDeploymentPostprocessing = 0;
		};
		46754FD52218C79100CD1258 /* Resources */ = {
			isa = PBXResourcesBuildPhase;
			buildActionMask = 2147483647;
			files = (
			);
			runOnlyForDeploymentPostprocessing = 0;
		};
/* End PBXResourcesBuildPhase section */

/* Begin PBXSourcesBuildPhase section */
		46754FB42218C79000CD1258 /* Sources */ = {
			isa = PBXSourcesBuildPhase;
			buildActionMask = 2147483647;
			files = (
				462C0F49221CFBA20054C3C2 /* MovieDetailsViewController.swift in Sources */,
				46754FBC2218C79000CD1258 /* AppDelegate.swift in Sources */,
				46754FEA2218C7C500CD1258 /* MoviesViewController.swift in Sources */,
				46754FEC2218D2CD00CD1258 /* MovieCell.swift in Sources */,
			);
			runOnlyForDeploymentPostprocessing = 0;
		};
		46754FC82218C79100CD1258 /* Sources */ = {
			isa = PBXSourcesBuildPhase;
			buildActionMask = 2147483647;
			files = (
				46754FD12218C79100CD1258 /* flixterTests.swift in Sources */,
			);
			runOnlyForDeploymentPostprocessing = 0;
		};
		46754FD32218C79100CD1258 /* Sources */ = {
			isa = PBXSourcesBuildPhase;
			buildActionMask = 2147483647;
			files = (
				46754FDC2218C79100CD1258 /* flixterUITests.swift in Sources */,
			);
			runOnlyForDeploymentPostprocessing = 0;
		};
/* End PBXSourcesBuildPhase section */

/* Begin PBXTargetDependency section */
		46754FCE2218C79100CD1258 /* PBXTargetDependency */ = {
			isa = PBXTargetDependency;
			target = 46754FB72218C79000CD1258 /* flixter */;
			targetProxy = 46754FCD2218C79100CD1258 /* PBXContainerItemProxy */;
		};
		46754FD92218C79100CD1258 /* PBXTargetDependency */ = {
			isa = PBXTargetDependency;
			target = 46754FB72218C79000CD1258 /* flixter */;
			targetProxy = 46754FD82218C79100CD1258 /* PBXContainerItemProxy */;
		};
/* End PBXTargetDependency section */

/* Begin PBXVariantGroup section */
		46754FBF2218C79000CD1258 /* Main.storyboard */ = {
			isa = PBXVariantGroup;
			children = (
				46754FC02218C79000CD1258 /* Base */,
			);
			name = Main.storyboard;
			sourceTree = "<group>";
		};
		46754FC42218C79100CD1258 /* LaunchScreen.storyboard */ = {
			isa = PBXVariantGroup;
			children = (
				46754FC52218C79100CD1258 /* Base */,
			);
			name = LaunchScreen.storyboard;
			sourceTree = "<group>";
		};
/* End PBXVariantGroup section */

/* Begin XCBuildConfiguration section */
		46754FDE2218C79100CD1258 /* Debug */ = {
			isa = XCBuildConfiguration;
			buildSettings = {
				ALWAYS_SEARCH_USER_PATHS = NO;
				CLANG_ANALYZER_NONNULL = YES;
				CLANG_ANALYZER_NUMBER_OBJECT_CONVERSION = YES_AGGRESSIVE;
				CLANG_CXX_LANGUAGE_STANDARD = "gnu++14";
				CLANG_CXX_LIBRARY = "libc++";
				CLANG_ENABLE_MODULES = YES;
				CLANG_ENABLE_OBJC_ARC = YES;
				CLANG_ENABLE_OBJC_WEAK = YES;
				CLANG_WARN_BLOCK_CAPTURE_AUTORELEASING = YES;
				CLANG_WARN_BOOL_CONVERSION = YES;
				CLANG_WARN_COMMA = YES;
				CLANG_WARN_CONSTANT_CONVERSION = YES;
				CLANG_WARN_DEPRECATED_OBJC_IMPLEMENTATIONS = YES;
				CLANG_WARN_DIRECT_OBJC_ISA_USAGE = YES_ERROR;
				CLANG_WARN_DOCUMENTATION_COMMENTS = YES;
				CLANG_WARN_EMPTY_BODY = YES;
				CLANG_WARN_ENUM_CONVERSION = YES;
				CLANG_WARN_INFINITE_RECURSION = YES;
				CLANG_WARN_INT_CONVERSION = YES;
				CLANG_WARN_NON_LITERAL_NULL_CONVERSION = YES;
				CLANG_WARN_OBJC_IMPLICIT_RETAIN_SELF = YES;
				CLANG_WARN_OBJC_LITERAL_CONVERSION = YES;
				CLANG_WARN_OBJC_ROOT_CLASS = YES_ERROR;
				CLANG_WARN_RANGE_LOOP_ANALYSIS = YES;
				CLANG_WARN_STRICT_PROTOTYPES = YES;
				CLANG_WARN_SUSPICIOUS_MOVE = YES;
				CLANG_WARN_UNGUARDED_AVAILABILITY = YES_AGGRESSIVE;
				CLANG_WARN_UNREACHABLE_CODE = YES;
				CLANG_WARN__DUPLICATE_METHOD_MATCH = YES;
				CODE_SIGN_IDENTITY = "iPhone Developer";
				COPY_PHASE_STRIP = NO;
				DEBUG_INFORMATION_FORMAT = dwarf;
				ENABLE_STRICT_OBJC_MSGSEND = YES;
				ENABLE_TESTABILITY = YES;
				GCC_C_LANGUAGE_STANDARD = gnu11;
				GCC_DYNAMIC_NO_PIC = NO;
				GCC_NO_COMMON_BLOCKS = YES;
				GCC_OPTIMIZATION_LEVEL = 0;
				GCC_PREPROCESSOR_DEFINITIONS = (
					"DEBUG=1",
					"$(inherited)",
				);
				GCC_WARN_64_TO_32_BIT_CONVERSION = YES;
				GCC_WARN_ABOUT_RETURN_TYPE = YES_ERROR;
				GCC_WARN_UNDECLARED_SELECTOR = YES;
				GCC_WARN_UNINITIALIZED_AUTOS = YES_AGGRESSIVE;
				GCC_WARN_UNUSED_FUNCTION = YES;
				GCC_WARN_UNUSED_VARIABLE = YES;
				IPHONEOS_DEPLOYMENT_TARGET = 11.4;
				MTL_ENABLE_DEBUG_INFO = YES;
				ONLY_ACTIVE_ARCH = YES;
				SDKROOT = iphoneos;
				SWIFT_ACTIVE_COMPILATION_CONDITIONS = DEBUG;
				SWIFT_OPTIMIZATION_LEVEL = "-Onone";
			};
			name = Debug;
		};
		46754FDF2218C79100CD1258 /* Release */ = {
			isa = XCBuildConfiguration;
			buildSettings = {
				ALWAYS_SEARCH_USER_PATHS = NO;
				CLANG_ANALYZER_NONNULL = YES;
				CLANG_ANALYZER_NUMBER_OBJECT_CONVERSION = YES_AGGRESSIVE;
				CLANG_CXX_LANGUAGE_STANDARD = "gnu++14";
				CLANG_CXX_LIBRARY = "libc++";
				CLANG_ENABLE_MODULES = YES;
				CLANG_ENABLE_OBJC_ARC = YES;
				CLANG_ENABLE_OBJC_WEAK = YES;
				CLANG_WARN_BLOCK_CAPTURE_AUTORELEASING = YES;
				CLANG_WARN_BOOL_CONVERSION = YES;
				CLANG_WARN_COMMA = YES;
				CLANG_WARN_CONSTANT_CONVERSION = YES;
				CLANG_WARN_DEPRECATED_OBJC_IMPLEMENTATIONS = YES;
				CLANG_WARN_DIRECT_OBJC_ISA_USAGE = YES_ERROR;
				CLANG_WARN_DOCUMENTATION_COMMENTS = YES;
				CLANG_WARN_EMPTY_BODY = YES;
				CLANG_WARN_ENUM_CONVERSION = YES;
				CLANG_WARN_INFINITE_RECURSION = YES;
				CLANG_WARN_INT_CONVERSION = YES;
				CLANG_WARN_NON_LITERAL_NULL_CONVERSION = YES;
				CLANG_WARN_OBJC_IMPLICIT_RETAIN_SELF = YES;
				CLANG_WARN_OBJC_LITERAL_CONVERSION = YES;
				CLANG_WARN_OBJC_ROOT_CLASS = YES_ERROR;
				CLANG_WARN_RANGE_LOOP_ANALYSIS = YES;
				CLANG_WARN_STRICT_PROTOTYPES = YES;
				CLANG_WARN_SUSPICIOUS_MOVE = YES;
				CLANG_WARN_UNGUARDED_AVAILABILITY = YES_AGGRESSIVE;
				CLANG_WARN_UNREACHABLE_CODE = YES;
				CLANG_WARN__DUPLICATE_METHOD_MATCH = YES;
				CODE_SIGN_IDENTITY = "iPhone Developer";
				COPY_PHASE_STRIP = NO;
				DEBUG_INFORMATION_FORMAT = "dwarf-with-dsym";
				ENABLE_NS_ASSERTIONS = NO;
				ENABLE_STRICT_OBJC_MSGSEND = YES;
				GCC_C_LANGUAGE_STANDARD = gnu11;
				GCC_NO_COMMON_BLOCKS = YES;
				GCC_WARN_64_TO_32_BIT_CONVERSION = YES;
				GCC_WARN_ABOUT_RETURN_TYPE = YES_ERROR;
				GCC_WARN_UNDECLARED_SELECTOR = YES;
				GCC_WARN_UNINITIALIZED_AUTOS = YES_AGGRESSIVE;
				GCC_WARN_UNUSED_FUNCTION = YES;
				GCC_WARN_UNUSED_VARIABLE = YES;
				IPHONEOS_DEPLOYMENT_TARGET = 11.4;
				MTL_ENABLE_DEBUG_INFO = NO;
				SDKROOT = iphoneos;
				SWIFT_COMPILATION_MODE = wholemodule;
				SWIFT_OPTIMIZATION_LEVEL = "-O";
				VALIDATE_PRODUCT = YES;
			};
			name = Release;
		};
		46754FE12218C79100CD1258 /* Debug */ = {
			isa = XCBuildConfiguration;
			buildSettings = {
				ASSETCATALOG_COMPILER_APPICON_NAME = AppIcon;
				CLANG_ENABLE_MODULES = YES;
				CODE_SIGN_STYLE = Automatic;
				INFOPLIST_FILE = flixter/Info.plist;
				LD_RUNPATH_SEARCH_PATHS = (
					"$(inherited)",
					"@executable_path/Frameworks",
				);
				PRODUCT_BUNDLE_IDENTIFIER = MINJING.flixter;
				PRODUCT_NAME = "$(TARGET_NAME)";
				SWIFT_OPTIMIZATION_LEVEL = "-Onone";
				SWIFT_VERSION = 4.0;
				TARGETED_DEVICE_FAMILY = "1,2";
			};
			name = Debug;
		};
		46754FE22218C79100CD1258 /* Release */ = {
			isa = XCBuildConfiguration;
			buildSettings = {
				ASSETCATALOG_COMPILER_APPICON_NAME = AppIcon;
				CLANG_ENABLE_MODULES = YES;
				CODE_SIGN_STYLE = Automatic;
				INFOPLIST_FILE = flixter/Info.plist;
				LD_RUNPATH_SEARCH_PATHS = (
					"$(inherited)",
					"@executable_path/Frameworks",
				);
				PRODUCT_BUNDLE_IDENTIFIER = MINJING.flixter;
				PRODUCT_NAME = "$(TARGET_NAME)";
				SWIFT_VERSION = 4.0;
				TARGETED_DEVICE_FAMILY = "1,2";
			};
			name = Release;
		};
		46754FE42218C79100CD1258 /* Debug */ = {
			isa = XCBuildConfiguration;
			buildSettings = {
				ALWAYS_EMBED_SWIFT_STANDARD_LIBRARIES = YES;
				BUNDLE_LOADER = "$(TEST_HOST)";
				CODE_SIGN_STYLE = Automatic;
				INFOPLIST_FILE = flixterTests/Info.plist;
				LD_RUNPATH_SEARCH_PATHS = (
					"$(inherited)",
					"@executable_path/Frameworks",
					"@loader_path/Frameworks",
				);
				PRODUCT_BUNDLE_IDENTIFIER = MINJING.flixterTests;
				PRODUCT_NAME = "$(TARGET_NAME)";
				SWIFT_VERSION = 4.0;
				TARGETED_DEVICE_FAMILY = "1,2";
				TEST_HOST = "$(BUILT_PRODUCTS_DIR)/flixter.app/flixter";
			};
			name = Debug;
		};
		46754FE52218C79100CD1258 /* Release */ = {
			isa = XCBuildConfiguration;
			buildSettings = {
				ALWAYS_EMBED_SWIFT_STANDARD_LIBRARIES = YES;
				BUNDLE_LOADER = "$(TEST_HOST)";
				CODE_SIGN_STYLE = Automatic;
				INFOPLIST_FILE = flixterTests/Info.plist;
				LD_RUNPATH_SEARCH_PATHS = (
					"$(inherited)",
					"@executable_path/Frameworks",
					"@loader_path/Frameworks",
				);
				PRODUCT_BUNDLE_IDENTIFIER = MINJING.flixterTests;
				PRODUCT_NAME = "$(TARGET_NAME)";
				SWIFT_VERSION = 4.0;
				TARGETED_DEVICE_FAMILY = "1,2";
				TEST_HOST = "$(BUILT_PRODUCTS_DIR)/flixter.app/flixter";
			};
			name = Release;
		};
		46754FE72218C79100CD1258 /* Debug */ = {
			isa = XCBuildConfiguration;
			buildSettings = {
				ALWAYS_EMBED_SWIFT_STANDARD_LIBRARIES = YES;
				CODE_SIGN_STYLE = Automatic;
				INFOPLIST_FILE = flixterUITests/Info.plist;
				LD_RUNPATH_SEARCH_PATHS = (
					"$(inherited)",
					"@executable_path/Frameworks",
					"@loader_path/Frameworks",
				);
				PRODUCT_BUNDLE_IDENTIFIER = MINJING.flixterUITests;
				PRODUCT_NAME = "$(TARGET_NAME)";
				SWIFT_VERSION = 4.0;
				TARGETED_DEVICE_FAMILY = "1,2";
				TEST_TARGET_NAME = flixter;
			};
			name = Debug;
		};
		46754FE82218C79100CD1258 /* Release */ = {
			isa = XCBuildConfiguration;
			buildSettings = {
				ALWAYS_EMBED_SWIFT_STANDARD_LIBRARIES = YES;
				CODE_SIGN_STYLE = Automatic;
				INFOPLIST_FILE = flixterUITests/Info.plist;
				LD_RUNPATH_SEARCH_PATHS = (
					"$(inherited)",
					"@executable_path/Frameworks",
					"@loader_path/Frameworks",
				);
				PRODUCT_BUNDLE_IDENTIFIER = MINJING.flixterUITests;
				PRODUCT_NAME = "$(TARGET_NAME)";
				SWIFT_VERSION = 4.0;
				TARGETED_DEVICE_FAMILY = "1,2";
				TEST_TARGET_NAME = flixter;
			};
			name = Release;
		};
/* End XCBuildConfiguration section */

/* Begin XCConfigurationList section */
		46754FB32218C79000CD1258 /* Build configuration list for PBXProject "flixter" */ = {
			isa = XCConfigurationList;
			buildConfigurations = (
				46754FDE2218C79100CD1258 /* Debug */,
				46754FDF2218C79100CD1258 /* Release */,
			);
			defaultConfigurationIsVisible = 0;
			defaultConfigurationName = Release;
		};
		46754FE02218C79100CD1258 /* Build configuration list for PBXNativeTarget "flixter" */ = {
			isa = XCConfigurationList;
			buildConfigurations = (
				46754FE12218C79100CD1258 /* Debug */,
				46754FE22218C79100CD1258 /* Release */,
			);
			defaultConfigurationIsVisible = 0;
			defaultConfigurationName = Release;
		};
		46754FE32218C79100CD1258 /* Build configuration list for PBXNativeTarget "flixterTests" */ = {
			isa = XCConfigurationList;
			buildConfigurations = (
				46754FE42218C79100CD1258 /* Debug */,
				46754FE52218C79100CD1258 /* Release */,
			);
			defaultConfigurationIsVisible = 0;
			defaultConfigurationName = Release;
		};
		46754FE62218C79100CD1258 /* Build configuration list for PBXNativeTarget "flixterUITests" */ = {
			isa = XCConfigurationList;
			buildConfigurations = (
				46754FE72218C79100CD1258 /* Debug */,
				46754FE82218C79100CD1258 /* Release */,
			);
			defaultConfigurationIsVisible = 0;
			defaultConfigurationName = Release;
		};
/* End XCConfigurationList section */
	};
	rootObject = 46754FB02218C79000CD1258 /* Project object */;
}
